// !$*UTF8*$!
{
	archiveVersion = 1;
	classes = {
	};
	objectVersion = 46;
	objects = {

/* Begin PBXBuildFile section */
		EE30E0E81BCF3A9F0098DD87 /* libsqlite3.tbd in Frameworks */ = {isa = PBXBuildFile; fileRef = EE30E0E71BCF3A9F0098DD87 /* libsqlite3.tbd */; };
		EE30E1711BCF471E0098DD87 /* KeymobAd.framework in Frameworks */ = {isa = PBXBuildFile; fileRef = EE30E1701BCF471E0098DD87 /* KeymobAd.framework */; settings = {ASSET_TAGS = (); ATTRIBUTES = (Required, ); }; };
		EE30E1731BCF48A20098DD87 /* MediaPlayer.framework in Frameworks */ = {isa = PBXBuildFile; fileRef = EE30E1721BCF48A20098DD87 /* MediaPlayer.framework */; };
		EE30E1E91BCF7EC80098DD87 /* KeymobAd.framework in Frameworks */ = {isa = PBXBuildFile; fileRef = EE30E1C31BCF7EC80098DD87 /* KeymobAd.framework */; settings = {ASSET_TAGS = (); }; };
		EE30E1EA1BCF7EC80098DD87 /* AdColony.framework in Frameworks */ = {isa = PBXBuildFile; fileRef = EE30E1C61BCF7EC80098DD87 /* AdColony.framework */; settings = {ASSET_TAGS = (); }; };
		EE30E1EB1BCF7EC80098DD87 /* libAdcolonyAdapter.a in Frameworks */ = {isa = PBXBuildFile; fileRef = EE30E1C81BCF7EC80098DD87 /* libAdcolonyAdapter.a */; settings = {ASSET_TAGS = (); }; };
		EE30E1EC1BCF7EC80098DD87 /* GoogleMobileAds.framework in Frameworks */ = {isa = PBXBuildFile; fileRef = EE30E1CB1BCF7EC80098DD87 /* GoogleMobileAds.framework */; settings = {ASSET_TAGS = (); }; };
		EE30E1ED1BCF7EC80098DD87 /* libAdmobAdapter.a in Frameworks */ = {isa = PBXBuildFile; fileRef = EE30E1CC1BCF7EC80098DD87 /* libAdmobAdapter.a */; settings = {ASSET_TAGS = (); }; };
		EE30E1EE1BCF7EC80098DD87 /* AmazonAd.framework in Frameworks */ = {isa = PBXBuildFile; fileRef = EE30E1CE1BCF7EC80098DD87 /* AmazonAd.framework */; settings = {ASSET_TAGS = (); }; };
		EE30E1EF1BCF7EC80098DD87 /* AmazonInsightsSDK.framework in Frameworks */ = {isa = PBXBuildFile; fileRef = EE30E1D01BCF7EC80098DD87 /* AmazonInsightsSDK.framework */; settings = {ASSET_TAGS = (); }; };
		EE30E1F01BCF7EC80098DD87 /* libAmazonAdapter.a in Frameworks */ = {isa = PBXBuildFile; fileRef = EE30E1D11BCF7EC80098DD87 /* libAmazonAdapter.a */; settings = {ASSET_TAGS = (); }; };
		EE30E1F11BCF7EC80098DD87 /* libBaiduAdapter.a in Frameworks */ = {isa = PBXBuildFile; fileRef = EE30E1D81BCF7EC80098DD87 /* libBaiduAdapter.a */; settings = {ASSET_TAGS = (); }; };
		EE30E1F21BCF7EC80098DD87 /* Chartboost.framework in Frameworks */ = {isa = PBXBuildFile; fileRef = EE30E1DA1BCF7EC80098DD87 /* Chartboost.framework */; settings = {ASSET_TAGS = (); }; };
		EE30E1F31BCF7EC80098DD87 /* libChartboostAdapter.a in Frameworks */ = {isa = PBXBuildFile; fileRef = EE30E1DC1BCF7EC80098DD87 /* libChartboostAdapter.a */; settings = {ASSET_TAGS = (); }; };
		EE30E1F41BCF7EC80098DD87 /* libGDTAdapter.a in Frameworks */ = {isa = PBXBuildFile; fileRef = EE30E1DF1BCF7EC80098DD87 /* libGDTAdapter.a */; settings = {ASSET_TAGS = (); }; };
		EE30E1F51BCF7EC80098DD87 /* libInmobiAdapter.a in Frameworks */ = {isa = PBXBuildFile; fileRef = EE30E1E41BCF7EC80098DD87 /* libInmobiAdapter.a */; settings = {ASSET_TAGS = (); }; };
		EE30E1F61BCF7EC80098DD87 /* libMMediaAdapter.a in Frameworks */ = {isa = PBXBuildFile; fileRef = EE30E1E61BCF7EC80098DD87 /* libMMediaAdapter.a */; settings = {ASSET_TAGS = (); }; };
		EE30E1F71BCF7EC80098DD87 /* MillennialMedia.framework in Frameworks */ = {isa = PBXBuildFile; fileRef = EE30E1E71BCF7EC80098DD87 /* MillennialMedia.framework */; settings = {ASSET_TAGS = (); }; };
		EE57D6121B0F6CAA00A86DA1 /* ads.json in Resources */ = {isa = PBXBuildFile; fileRef = EE57D6111B0F67DC00A86DA1 /* ads.json */; };
		EE629FF91AF24B6C00267D13 /* main.m in Sources */ = {isa = PBXBuildFile; fileRef = EE629FF81AF24B6C00267D13 /* main.m */; };
		EE629FFC1AF24B6C00267D13 /* AppDelegate.m in Sources */ = {isa = PBXBuildFile; fileRef = EE629FFB1AF24B6C00267D13 /* AppDelegate.m */; };
		EE629FFF1AF24B6C00267D13 /* ViewController.m in Sources */ = {isa = PBXBuildFile; fileRef = EE629FFE1AF24B6C00267D13 /* ViewController.m */; };
		EE62A0021AF24B6C00267D13 /* Main.storyboard in Resources */ = {isa = PBXBuildFile; fileRef = EE62A0001AF24B6C00267D13 /* Main.storyboard */; };
		EE62A0041AF24B6C00267D13 /* Images.xcassets in Resources */ = {isa = PBXBuildFile; fileRef = EE62A0031AF24B6C00267D13 /* Images.xcassets */; };
		EE62A0071AF24B6C00267D13 /* LaunchScreen.xib in Resources */ = {isa = PBXBuildFile; fileRef = EE62A0051AF24B6C00267D13 /* LaunchScreen.xib */; };
		EE7ACFF71B569326000F98F3 /* CoreMotion.framework in Frameworks */ = {isa = PBXBuildFile; fileRef = EE7ACFF61B569326000F98F3 /* CoreMotion.framework */; };
		EE93305E1B78A92000B261A0 /* WebKit.framework in Frameworks */ = {isa = PBXBuildFile; fileRef = EE93305D1B78A92000B261A0 /* WebKit.framework */; };
		EE9330601B78A93E00B261A0 /* Social.framework in Frameworks */ = {isa = PBXBuildFile; fileRef = EE93305F1B78A93E00B261A0 /* Social.framework */; };
		EEA83C861BA9B9DE00E2E420 /* AudioToolbox.framework in Frameworks */ = {isa = PBXBuildFile; fileRef = EEA83C851BA9B9DE00E2E420 /* AudioToolbox.framework */; };
		EEA83C881BA9B9E700E2E420 /* AVFoundation.framework in Frameworks */ = {isa = PBXBuildFile; fileRef = EEA83C871BA9B9E700E2E420 /* AVFoundation.framework */; };
		EEA83C8A1BA9BA0A00E2E420 /* EventKit.framework in Frameworks */ = {isa = PBXBuildFile; fileRef = EEA83C891BA9BA0A00E2E420 /* EventKit.framework */; };
		EEA83C8C1BA9BA2800E2E420 /* StoreKit.framework in Frameworks */ = {isa = PBXBuildFile; fileRef = EEA83C8B1BA9BA2800E2E420 /* StoreKit.framework */; };
		EEA83C8E1BA9BA4100E2E420 /* CoreTelephony.framework in Frameworks */ = {isa = PBXBuildFile; fileRef = EEA83C8D1BA9BA4100E2E420 /* CoreTelephony.framework */; };
		EEA83C921BA9BADE00E2E420 /* SystemConfiguration.framework in Frameworks */ = {isa = PBXBuildFile; fileRef = EEA83C911BA9BADE00E2E420 /* SystemConfiguration.framework */; };
		EEA83C941BA9BB1800E2E420 /* EventKitUI.framework in Frameworks */ = {isa = PBXBuildFile; fileRef = EEA83C931BA9BB1800E2E420 /* EventKitUI.framework */; };
		EEA83C961BA9BB4900E2E420 /* MessageUI.framework in Frameworks */ = {isa = PBXBuildFile; fileRef = EEA83C951BA9BB4900E2E420 /* MessageUI.framework */; };
		EEA83C9A1BA9BC1C00E2E420 /* CoreMedia.framework in Frameworks */ = {isa = PBXBuildFile; fileRef = EEA83C991BA9BC1C00E2E420 /* CoreMedia.framework */; };
		EEAEA5F91BCE5FDD0041779D /* libz.tbd in Frameworks */ = {isa = PBXBuildFile; fileRef = EEAEA5F81BCE5FDD0041779D /* libz.tbd */; };
		EEE01C141B0DA90B00369AD1 /* AdListener.m in Sources */ = {isa = PBXBuildFile; fileRef = EEE01C131B0DA90B00369AD1 /* AdListener.m */; };
		EEE1E8B31B4A67A000DCDE70 /* CoreLocation.framework in Frameworks */ = {isa = PBXBuildFile; fileRef = EEE1E8B21B4A67A000DCDE70 /* CoreLocation.framework */; };
/* End PBXBuildFile section */

/* Begin PBXFileReference section */
		EE30E0E71BCF3A9F0098DD87 /* libsqlite3.tbd */ = {isa = PBXFileReference; lastKnownFileType = "sourcecode.text-based-dylib-definition"; name = libsqlite3.tbd; path = usr/lib/libsqlite3.tbd; sourceTree = SDKROOT; };
		EE30E1701BCF471E0098DD87 /* KeymobAd.framework */ = {isa = PBXFileReference; lastKnownFileType = wrapper.framework; name = KeymobAd.framework; path = /Users/li_li_li87222/Desktop/keymob/KeymobDemo/keymobsdk/KeymobAd.framework; sourceTree = "<absolute>"; };
		EE30E1721BCF48A20098DD87 /* MediaPlayer.framework */ = {isa = PBXFileReference; lastKnownFileType = wrapper.framework; name = MediaPlayer.framework; path = System/Library/Frameworks/MediaPlayer.framework; sourceTree = SDKROOT; };
		EE30E1C31BCF7EC80098DD87 /* KeymobAd.framework */ = {isa = PBXFileReference; lastKnownFileType = wrapper.framework; path = KeymobAd.framework; sourceTree = "<group>"; };
		EE30E1C61BCF7EC80098DD87 /* AdColony.framework */ = {isa = PBXFileReference; lastKnownFileType = wrapper.framework; path = AdColony.framework; sourceTree = "<group>"; };
		EE30E1C71BCF7EC80098DD87 /* AdcolonyAdapter.h */ = {isa = PBXFileReference; fileEncoding = 4; lastKnownFileType = sourcecode.c.h; path = AdcolonyAdapter.h; sourceTree = "<group>"; };
		EE30E1C81BCF7EC80098DD87 /* libAdcolonyAdapter.a */ = {isa = PBXFileReference; lastKnownFileType = archive.ar; path = libAdcolonyAdapter.a; sourceTree = "<group>"; };
		EE30E1CA1BCF7EC80098DD87 /* AdmobAdapter.h */ = {isa = PBXFileReference; fileEncoding = 4; lastKnownFileType = sourcecode.c.h; path = AdmobAdapter.h; sourceTree = "<group>"; };
		EE30E1CB1BCF7EC80098DD87 /* GoogleMobileAds.framework */ = {isa = PBXFileReference; lastKnownFileType = wrapper.framework; path = GoogleMobileAds.framework; sourceTree = "<group>"; };
		EE30E1CC1BCF7EC80098DD87 /* libAdmobAdapter.a */ = {isa = PBXFileReference; lastKnownFileType = archive.ar; path = libAdmobAdapter.a; sourceTree = "<group>"; };
		EE30E1CE1BCF7EC80098DD87 /* AmazonAd.framework */ = {isa = PBXFileReference; lastKnownFileType = wrapper.framework; path = AmazonAd.framework; sourceTree = "<group>"; };
		EE30E1CF1BCF7EC80098DD87 /* AmazonAdapter.h */ = {isa = PBXFileReference; fileEncoding = 4; lastKnownFileType = sourcecode.c.h; path = AmazonAdapter.h; sourceTree = "<group>"; };
		EE30E1D01BCF7EC80098DD87 /* AmazonInsightsSDK.framework */ = {isa = PBXFileReference; lastKnownFileType = wrapper.framework; path = AmazonInsightsSDK.framework; sourceTree = "<group>"; };
		EE30E1D11BCF7EC80098DD87 /* libAmazonAdapter.a */ = {isa = PBXFileReference; lastKnownFileType = archive.ar; path = libAmazonAdapter.a; sourceTree = "<group>"; };
		EE30E1D31BCF7EC80098DD87 /* BaiduAdapter.h */ = {isa = PBXFileReference; fileEncoding = 4; lastKnownFileType = sourcecode.c.h; path = BaiduAdapter.h; sourceTree = "<group>"; };
		EE30E1D41BCF7EC80098DD87 /* BaiduMobAdInterstitial.h */ = {isa = PBXFileReference; fileEncoding = 4; lastKnownFileType = sourcecode.c.h; path = BaiduMobAdInterstitial.h; sourceTree = "<group>"; };
		EE30E1D51BCF7EC80098DD87 /* BaiduMobAdInterstitialDelegate.h */ = {isa = PBXFileReference; fileEncoding = 4; lastKnownFileType = sourcecode.c.h; path = BaiduMobAdInterstitialDelegate.h; sourceTree = "<group>"; };
		EE30E1D61BCF7EC80098DD87 /* BaiduMobAdVideoDelegate.h */ = {isa = PBXFileReference; fileEncoding = 4; lastKnownFileType = sourcecode.c.h; path = BaiduMobAdVideoDelegate.h; sourceTree = "<group>"; };
		EE30E1D71BCF7EC80098DD87 /* BaiduMobAdVideoView.h */ = {isa = PBXFileReference; fileEncoding = 4; lastKnownFileType = sourcecode.c.h; path = BaiduMobAdVideoView.h; sourceTree = "<group>"; };
		EE30E1D81BCF7EC80098DD87 /* libBaiduAdapter.a */ = {isa = PBXFileReference; lastKnownFileType = archive.ar; path = libBaiduAdapter.a; sourceTree = "<group>"; };
		EE30E1DA1BCF7EC80098DD87 /* Chartboost.framework */ = {isa = PBXFileReference; lastKnownFileType = wrapper.framework; path = Chartboost.framework; sourceTree = "<group>"; };
		EE30E1DB1BCF7EC80098DD87 /* ChartboostAdapter.h */ = {isa = PBXFileReference; fileEncoding = 4; lastKnownFileType = sourcecode.c.h; path = ChartboostAdapter.h; sourceTree = "<group>"; };
		EE30E1DC1BCF7EC80098DD87 /* libChartboostAdapter.a */ = {isa = PBXFileReference; lastKnownFileType = archive.ar; path = libChartboostAdapter.a; sourceTree = "<group>"; };
		EE30E1DE1BCF7EC80098DD87 /* GDTAdapter.h */ = {isa = PBXFileReference; fileEncoding = 4; lastKnownFileType = sourcecode.c.h; path = GDTAdapter.h; sourceTree = "<group>"; };
		EE30E1DF1BCF7EC80098DD87 /* libGDTAdapter.a */ = {isa = PBXFileReference; lastKnownFileType = archive.ar; path = libGDTAdapter.a; sourceTree = "<group>"; };
		EE30E1E11BCF7EC80098DD87 /* IMBannerDelegate.h */ = {isa = PBXFileReference; fileEncoding = 4; lastKnownFileType = sourcecode.c.h; path = IMBannerDelegate.h; sourceTree = "<group>"; };
		EE30E1E21BCF7EC80098DD87 /* IMInterstitialDelegate.h */ = {isa = PBXFileReference; fileEncoding = 4; lastKnownFileType = sourcecode.c.h; path = IMInterstitialDelegate.h; sourceTree = "<group>"; };
		EE30E1E31BCF7EC80098DD87 /* InmobiAdapter.h */ = {isa = PBXFileReference; fileEncoding = 4; lastKnownFileType = sourcecode.c.h; path = InmobiAdapter.h; sourceTree = "<group>"; };
		EE30E1E41BCF7EC80098DD87 /* libInmobiAdapter.a */ = {isa = PBXFileReference; lastKnownFileType = archive.ar; path = libInmobiAdapter.a; sourceTree = "<group>"; };
		EE30E1E61BCF7EC80098DD87 /* libMMediaAdapter.a */ = {isa = PBXFileReference; lastKnownFileType = archive.ar; path = libMMediaAdapter.a; sourceTree = "<group>"; };
		EE30E1E71BCF7EC80098DD87 /* MillennialMedia.framework */ = {isa = PBXFileReference; lastKnownFileType = wrapper.framework; path = MillennialMedia.framework; sourceTree = "<group>"; };
		EE30E1E81BCF7EC80098DD87 /* MMediaAdapter.h */ = {isa = PBXFileReference; fileEncoding = 4; lastKnownFileType = sourcecode.c.h; path = MMediaAdapter.h; sourceTree = "<group>"; };
		EE30E1F81BCF7EEE0098DD87 /* IMRequestStatus.h */ = {isa = PBXFileReference; fileEncoding = 4; lastKnownFileType = sourcecode.c.h; path = IMRequestStatus.h; sourceTree = "<group>"; };
		EE57D6111B0F67DC00A86DA1 /* ads.json */ = {isa = PBXFileReference; lastKnownFileType = text.json; path = ads.json; sourceTree = "<group>"; };
		EE629FF31AF24B6C00267D13 /* KeymobDemo.app */ = {isa = PBXFileReference; explicitFileType = wrapper.application; includeInIndex = 0; path = KeymobDemo.app; sourceTree = BUILT_PRODUCTS_DIR; };
		EE629FF71AF24B6C00267D13 /* Info.plist */ = {isa = PBXFileReference; lastKnownFileType = text.plist.xml; path = Info.plist; sourceTree = "<group>"; };
		EE629FF81AF24B6C00267D13 /* main.m */ = {isa = PBXFileReference; lastKnownFileType = sourcecode.c.objc; path = main.m; sourceTree = "<group>"; };
		EE629FFA1AF24B6C00267D13 /* AppDelegate.h */ = {isa = PBXFileReference; lastKnownFileType = sourcecode.c.h; path = AppDelegate.h; sourceTree = "<group>"; };
		EE629FFB1AF24B6C00267D13 /* AppDelegate.m */ = {isa = PBXFileReference; lastKnownFileType = sourcecode.c.objc; path = AppDelegate.m; sourceTree = "<group>"; };
		EE629FFD1AF24B6C00267D13 /* ViewController.h */ = {isa = PBXFileReference; lastKnownFileType = sourcecode.c.h; path = ViewController.h; sourceTree = "<group>"; };
		EE629FFE1AF24B6C00267D13 /* ViewController.m */ = {isa = PBXFileReference; lastKnownFileType = sourcecode.c.objc; path = ViewController.m; sourceTree = "<group>"; };
		EE62A0011AF24B6C00267D13 /* Base */ = {isa = PBXFileReference; lastKnownFileType = file.storyboard; name = Base; path = Base.lproj/Main.storyboard; sourceTree = "<group>"; };
		EE62A0031AF24B6C00267D13 /* Images.xcassets */ = {isa = PBXFileReference; lastKnownFileType = folder.assetcatalog; path = Images.xcassets; sourceTree = "<group>"; };
		EE62A0061AF24B6C00267D13 /* Base */ = {isa = PBXFileReference; lastKnownFileType = file.xib; name = Base; path = Base.lproj/LaunchScreen.xib; sourceTree = "<group>"; };
		EE7ACFF61B569326000F98F3 /* CoreMotion.framework */ = {isa = PBXFileReference; lastKnownFileType = wrapper.framework; name = CoreMotion.framework; path = System/Library/Frameworks/CoreMotion.framework; sourceTree = SDKROOT; };
		EE93305D1B78A92000B261A0 /* WebKit.framework */ = {isa = PBXFileReference; lastKnownFileType = wrapper.framework; name = WebKit.framework; path = System/Library/Frameworks/WebKit.framework; sourceTree = SDKROOT; };
		EE93305F1B78A93E00B261A0 /* Social.framework */ = {isa = PBXFileReference; lastKnownFileType = wrapper.framework; name = Social.framework; path = System/Library/Frameworks/Social.framework; sourceTree = SDKROOT; };
		EEA83C851BA9B9DE00E2E420 /* AudioToolbox.framework */ = {isa = PBXFileReference; lastKnownFileType = wrapper.framework; name = AudioToolbox.framework; path = System/Library/Frameworks/AudioToolbox.framework; sourceTree = SDKROOT; };
		EEA83C871BA9B9E700E2E420 /* AVFoundation.framework */ = {isa = PBXFileReference; lastKnownFileType = wrapper.framework; name = AVFoundation.framework; path = System/Library/Frameworks/AVFoundation.framework; sourceTree = SDKROOT; };
		EEA83C891BA9BA0A00E2E420 /* EventKit.framework */ = {isa = PBXFileReference; lastKnownFileType = wrapper.framework; name = EventKit.framework; path = System/Library/Frameworks/EventKit.framework; sourceTree = SDKROOT; };
		EEA83C8B1BA9BA2800E2E420 /* StoreKit.framework */ = {isa = PBXFileReference; lastKnownFileType = wrapper.framework; name = StoreKit.framework; path = System/Library/Frameworks/StoreKit.framework; sourceTree = SDKROOT; };
		EEA83C8D1BA9BA4100E2E420 /* CoreTelephony.framework */ = {isa = PBXFileReference; lastKnownFileType = wrapper.framework; name = CoreTelephony.framework; path = System/Library/Frameworks/CoreTelephony.framework; sourceTree = SDKROOT; };
		EEA83C8F1BA9BA5800E2E420 /* CFNetwork.framework */ = {isa = PBXFileReference; lastKnownFileType = wrapper.framework; name = CFNetwork.framework; path = System/Library/Frameworks/CFNetwork.framework; sourceTree = SDKROOT; };
		EEA83C911BA9BADE00E2E420 /* SystemConfiguration.framework */ = {isa = PBXFileReference; lastKnownFileType = wrapper.framework; name = SystemConfiguration.framework; path = System/Library/Frameworks/SystemConfiguration.framework; sourceTree = SDKROOT; };
		EEA83C931BA9BB1800E2E420 /* EventKitUI.framework */ = {isa = PBXFileReference; lastKnownFileType = wrapper.framework; name = EventKitUI.framework; path = System/Library/Frameworks/EventKitUI.framework; sourceTree = SDKROOT; };
		EEA83C951BA9BB4900E2E420 /* MessageUI.framework */ = {isa = PBXFileReference; lastKnownFileType = wrapper.framework; name = MessageUI.framework; path = System/Library/Frameworks/MessageUI.framework; sourceTree = SDKROOT; };
		EEA83C971BA9BB8F00E2E420 /* CoreGraphics.framework */ = {isa = PBXFileReference; lastKnownFileType = wrapper.framework; name = CoreGraphics.framework; path = System/Library/Frameworks/CoreGraphics.framework; sourceTree = SDKROOT; };
		EEA83C991BA9BC1C00E2E420 /* CoreMedia.framework */ = {isa = PBXFileReference; lastKnownFileType = wrapper.framework; name = CoreMedia.framework; path = System/Library/Frameworks/CoreMedia.framework; sourceTree = SDKROOT; };
		EEAEA5F81BCE5FDD0041779D /* libz.tbd */ = {isa = PBXFileReference; lastKnownFileType = "sourcecode.text-based-dylib-definition"; name = libz.tbd; path = usr/lib/libz.tbd; sourceTree = SDKROOT; };
		EEE01C121B0DA90B00369AD1 /* AdListener.h */ = {isa = PBXFileReference; fileEncoding = 4; lastKnownFileType = sourcecode.c.h; path = AdListener.h; sourceTree = "<group>"; };
		EEE01C131B0DA90B00369AD1 /* AdListener.m */ = {isa = PBXFileReference; fileEncoding = 4; lastKnownFileType = sourcecode.c.objc; path = AdListener.m; sourceTree = "<group>"; };
		EEE1E8B21B4A67A000DCDE70 /* CoreLocation.framework */ = {isa = PBXFileReference; lastKnownFileType = wrapper.framework; name = CoreLocation.framework; path = System/Library/Frameworks/CoreLocation.framework; sourceTree = SDKROOT; };
/* End PBXFileReference section */

/* Begin PBXFrameworksBuildPhase section */
		EE629FF01AF24B6C00267D13 /* Frameworks */ = {
			isa = PBXFrameworksBuildPhase;
			buildActionMask = 2147483647;
			files = (
				EE30E1EF1BCF7EC80098DD87 /* AmazonInsightsSDK.framework in Frameworks */,
				EE30E1E91BCF7EC80098DD87 /* KeymobAd.framework in Frameworks */,
				EE30E1F31BCF7EC80098DD87 /* libChartboostAdapter.a in Frameworks */,
				EE30E1731BCF48A20098DD87 /* MediaPlayer.framework in Frameworks */,
				EE30E1F41BCF7EC80098DD87 /* libGDTAdapter.a in Frameworks */,
				EE30E1F51BCF7EC80098DD87 /* libInmobiAdapter.a in Frameworks */,
				EE30E1EE1BCF7EC80098DD87 /* AmazonAd.framework in Frameworks */,
				EE30E0E81BCF3A9F0098DD87 /* libsqlite3.tbd in Frameworks */,
				EEAEA5F91BCE5FDD0041779D /* libz.tbd in Frameworks */,
				EE30E1EA1BCF7EC80098DD87 /* AdColony.framework in Frameworks */,
				EEA83C9A1BA9BC1C00E2E420 /* CoreMedia.framework in Frameworks */,
				EEA83C961BA9BB4900E2E420 /* MessageUI.framework in Frameworks */,
				EEA83C941BA9BB1800E2E420 /* EventKitUI.framework in Frameworks */,
				EEA83C921BA9BADE00E2E420 /* SystemConfiguration.framework in Frameworks */,
				EE30E1F11BCF7EC80098DD87 /* libBaiduAdapter.a in Frameworks */,
				EE30E1F21BCF7EC80098DD87 /* Chartboost.framework in Frameworks */,
				EE30E1711BCF471E0098DD87 /* KeymobAd.framework in Frameworks */,
				EEA83C8E1BA9BA4100E2E420 /* CoreTelephony.framework in Frameworks */,
				EE30E1ED1BCF7EC80098DD87 /* libAdmobAdapter.a in Frameworks */,
				EEA83C8C1BA9BA2800E2E420 /* StoreKit.framework in Frameworks */,
				EE30E1EC1BCF7EC80098DD87 /* GoogleMobileAds.framework in Frameworks */,
				EE30E1EB1BCF7EC80098DD87 /* libAdcolonyAdapter.a in Frameworks */,
				EEA83C8A1BA9BA0A00E2E420 /* EventKit.framework in Frameworks */,
				EEA83C881BA9B9E700E2E420 /* AVFoundation.framework in Frameworks */,
				EE30E1F61BCF7EC80098DD87 /* libMMediaAdapter.a in Frameworks */,
				EEA83C861BA9B9DE00E2E420 /* AudioToolbox.framework in Frameworks */,
				EE30E1F71BCF7EC80098DD87 /* MillennialMedia.framework in Frameworks */,
				EE9330601B78A93E00B261A0 /* Social.framework in Frameworks */,
				EE93305E1B78A92000B261A0 /* WebKit.framework in Frameworks */,
				EE30E1F01BCF7EC80098DD87 /* libAmazonAdapter.a in Frameworks */,
				EE7ACFF71B569326000F98F3 /* CoreMotion.framework in Frameworks */,
				EEE1E8B31B4A67A000DCDE70 /* CoreLocation.framework in Frameworks */,
			);
			runOnlyForDeploymentPostprocessing = 0;
		};
/* End PBXFrameworksBuildPhase section */

/* Begin PBXGroup section */
		EE30E1C21BCF7EC80098DD87 /* keymobsdk */ = {
			isa = PBXGroup;
			children = (
				EE30E1C31BCF7EC80098DD87 /* KeymobAd.framework */,
				EE30E1C41BCF7EC80098DD87 /* plugins */,
			);
			path = keymobsdk;
			sourceTree = "<group>";
		};
		EE30E1C41BCF7EC80098DD87 /* plugins */ = {
			isa = PBXGroup;
			children = (
				EE30E1C51BCF7EC80098DD87 /* Adcolony */,
				EE30E1C91BCF7EC80098DD87 /* Admob */,
				EE30E1CD1BCF7EC80098DD87 /* Amazon */,
				EE30E1D21BCF7EC80098DD87 /* Baidu */,
				EE30E1D91BCF7EC80098DD87 /* Chartboost */,
				EE30E1DD1BCF7EC80098DD87 /* GDT */,
				EE30E1E01BCF7EC80098DD87 /* inmobi */,
				EE30E1E51BCF7EC80098DD87 /* MMedia */,
			);
			path = plugins;
			sourceTree = "<group>";
		};
		EE30E1C51BCF7EC80098DD87 /* Adcolony */ = {
			isa = PBXGroup;
			children = (
				EE30E1C61BCF7EC80098DD87 /* AdColony.framework */,
				EE30E1C71BCF7EC80098DD87 /* AdcolonyAdapter.h */,
				EE30E1C81BCF7EC80098DD87 /* libAdcolonyAdapter.a */,
			);
			path = Adcolony;
			sourceTree = "<group>";
		};
		EE30E1C91BCF7EC80098DD87 /* Admob */ = {
			isa = PBXGroup;
			children = (
				EE30E1CA1BCF7EC80098DD87 /* AdmobAdapter.h */,
				EE30E1CB1BCF7EC80098DD87 /* GoogleMobileAds.framework */,
				EE30E1CC1BCF7EC80098DD87 /* libAdmobAdapter.a */,
			);
			path = Admob;
			sourceTree = "<group>";
		};
		EE30E1CD1BCF7EC80098DD87 /* Amazon */ = {
			isa = PBXGroup;
			children = (
				EE30E1CE1BCF7EC80098DD87 /* AmazonAd.framework */,
				EE30E1CF1BCF7EC80098DD87 /* AmazonAdapter.h */,
				EE30E1D01BCF7EC80098DD87 /* AmazonInsightsSDK.framework */,
				EE30E1D11BCF7EC80098DD87 /* libAmazonAdapter.a */,
			);
			path = Amazon;
			sourceTree = "<group>";
		};
		EE30E1D21BCF7EC80098DD87 /* Baidu */ = {
			isa = PBXGroup;
			children = (
				EE30E1D31BCF7EC80098DD87 /* BaiduAdapter.h */,
				EE30E1D41BCF7EC80098DD87 /* BaiduMobAdInterstitial.h */,
				EE30E1D51BCF7EC80098DD87 /* BaiduMobAdInterstitialDelegate.h */,
				EE30E1D61BCF7EC80098DD87 /* BaiduMobAdVideoDelegate.h */,
				EE30E1D71BCF7EC80098DD87 /* BaiduMobAdVideoView.h */,
				EE30E1D81BCF7EC80098DD87 /* libBaiduAdapter.a */,
			);
			path = Baidu;
			sourceTree = "<group>";
		};
		EE30E1D91BCF7EC80098DD87 /* Chartboost */ = {
			isa = PBXGroup;
			children = (
				EE30E1DA1BCF7EC80098DD87 /* Chartboost.framework */,
				EE30E1DB1BCF7EC80098DD87 /* ChartboostAdapter.h */,
				EE30E1DC1BCF7EC80098DD87 /* libChartboostAdapter.a */,
			);
			path = Chartboost;
			sourceTree = "<group>";
		};
		EE30E1DD1BCF7EC80098DD87 /* GDT */ = {
			isa = PBXGroup;
			children = (
				EE30E1DE1BCF7EC80098DD87 /* GDTAdapter.h */,
				EE30E1DF1BCF7EC80098DD87 /* libGDTAdapter.a */,
			);
			path = GDT;
			sourceTree = "<group>";
		};
		EE30E1E01BCF7EC80098DD87 /* inmobi */ = {
			isa = PBXGroup;
			children = (
				EE30E1F81BCF7EEE0098DD87 /* IMRequestStatus.h */,
				EE30E1E11BCF7EC80098DD87 /* IMBannerDelegate.h */,
				EE30E1E21BCF7EC80098DD87 /* IMInterstitialDelegate.h */,
				EE30E1E31BCF7EC80098DD87 /* InmobiAdapter.h */,
				EE30E1E41BCF7EC80098DD87 /* libInmobiAdapter.a */,
			);
			path = inmobi;
			sourceTree = "<group>";
		};
		EE30E1E51BCF7EC80098DD87 /* MMedia */ = {
			isa = PBXGroup;
			children = (
				EE30E1E61BCF7EC80098DD87 /* libMMediaAdapter.a */,
				EE30E1E71BCF7EC80098DD87 /* MillennialMedia.framework */,
				EE30E1E81BCF7EC80098DD87 /* MMediaAdapter.h */,
			);
			path = MMedia;
			sourceTree = "<group>";
		};
		EE629FEA1AF24B6C00267D13 = {
			isa = PBXGroup;
			children = (
				EE30E1C21BCF7EC80098DD87 /* keymobsdk */,
				EE30E1721BCF48A20098DD87 /* MediaPlayer.framework */,
				EE30E0E71BCF3A9F0098DD87 /* libsqlite3.tbd */,
				EEAEA5F81BCE5FDD0041779D /* libz.tbd */,
				EEA83C991BA9BC1C00E2E420 /* CoreMedia.framework */,
				EEA83C971BA9BB8F00E2E420 /* CoreGraphics.framework */,
				EEA83C951BA9BB4900E2E420 /* MessageUI.framework */,
				EEA83C931BA9BB1800E2E420 /* EventKitUI.framework */,
				EEA83C911BA9BADE00E2E420 /* SystemConfiguration.framework */,
				EEA83C8F1BA9BA5800E2E420 /* CFNetwork.framework */,
				EEA83C8D1BA9BA4100E2E420 /* CoreTelephony.framework */,
				EEA83C8B1BA9BA2800E2E420 /* StoreKit.framework */,
				EEA83C891BA9BA0A00E2E420 /* EventKit.framework */,
				EEA83C871BA9B9E700E2E420 /* AVFoundation.framework */,
				EEA83C851BA9B9DE00E2E420 /* AudioToolbox.framework */,
				EE93305F1B78A93E00B261A0 /* Social.framework */,
				EE93305D1B78A92000B261A0 /* WebKit.framework */,
				EE7ACFF61B569326000F98F3 /* CoreMotion.framework */,
				EEE1E8B21B4A67A000DCDE70 /* CoreLocation.framework */,
				EE629FF51AF24B6C00267D13 /* KeymobDemo */,
				EE629FF41AF24B6C00267D13 /* Products */,
			);
			sourceTree = "<group>";
		};
		EE629FF41AF24B6C00267D13 /* Products */ = {
			isa = PBXGroup;
			children = (
				EE629FF31AF24B6C00267D13 /* KeymobDemo.app */,
			);
			name = Products;
			sourceTree = "<group>";
		};
		EE629FF51AF24B6C00267D13 /* KeymobDemo */ = {
			isa = PBXGroup;
			children = (
				EE629FFA1AF24B6C00267D13 /* AppDelegate.h */,
				EE629FFB1AF24B6C00267D13 /* AppDelegate.m */,
				EE629FFD1AF24B6C00267D13 /* ViewController.h */,
				EE629FFE1AF24B6C00267D13 /* ViewController.m */,
				EE62A0001AF24B6C00267D13 /* Main.storyboard */,
				EE62A0031AF24B6C00267D13 /* Images.xcassets */,
				EE62A0051AF24B6C00267D13 /* LaunchScreen.xib */,
				EE629FF61AF24B6C00267D13 /* Supporting Files */,
				EEE01C121B0DA90B00369AD1 /* AdListener.h */,
				EEE01C131B0DA90B00369AD1 /* AdListener.m */,
				EE57D6111B0F67DC00A86DA1 /* ads.json */,
			);
			path = KeymobDemo;
			sourceTree = "<group>";
		};
		EE629FF61AF24B6C00267D13 /* Supporting Files */ = {
			isa = PBXGroup;
			children = (
				EE629FF71AF24B6C00267D13 /* Info.plist */,
				EE629FF81AF24B6C00267D13 /* main.m */,
			);
			name = "Supporting Files";
			sourceTree = "<group>";
		};
/* End PBXGroup section */

/* Begin PBXNativeTarget section */
		EE629FF21AF24B6C00267D13 /* KeymobDemo */ = {
			isa = PBXNativeTarget;
			buildConfigurationList = EE62A0161AF24B6C00267D13 /* Build configuration list for PBXNativeTarget "KeymobDemo" */;
			buildPhases = (
				EE629FEF1AF24B6C00267D13 /* Sources */,
				EE629FF01AF24B6C00267D13 /* Frameworks */,
				EE629FF11AF24B6C00267D13 /* Resources */,
			);
			buildRules = (
			);
			dependencies = (
			);
			name = KeymobDemo;
			productName = KeymobDemo;
			productReference = EE629FF31AF24B6C00267D13 /* KeymobDemo.app */;
			productType = "com.apple.product-type.application";
		};
/* End PBXNativeTarget section */

/* Begin PBXProject section */
		EE629FEB1AF24B6C00267D13 /* Project object */ = {
			isa = PBXProject;
			attributes = {
				LastUpgradeCheck = 0700;
				ORGANIZATIONNAME = keymob;
				TargetAttributes = {
					EE629FF21AF24B6C00267D13 = {
						CreatedOnToolsVersion = 6.2;
						DevelopmentTeam = 57W66QZCMN;
					};
				};
			};
			buildConfigurationList = EE629FEE1AF24B6C00267D13 /* Build configuration list for PBXProject "KeymobDemo" */;
			compatibilityVersion = "Xcode 3.2";
			developmentRegion = English;
			hasScannedForEncodings = 0;
			knownRegions = (
				en,
				Base,
			);
			mainGroup = EE629FEA1AF24B6C00267D13;
			productRefGroup = EE629FF41AF24B6C00267D13 /* Products */;
			projectDirPath = "";
			projectRoot = "";
			targets = (
				EE629FF21AF24B6C00267D13 /* KeymobDemo */,
			);
		};
/* End PBXProject section */

/* Begin PBXResourcesBuildPhase section */
		EE629FF11AF24B6C00267D13 /* Resources */ = {
			isa = PBXResourcesBuildPhase;
			buildActionMask = 2147483647;
			files = (
				EE57D6121B0F6CAA00A86DA1 /* ads.json in Resources */,
				EE62A0021AF24B6C00267D13 /* Main.storyboard in Resources */,
				EE62A0071AF24B6C00267D13 /* LaunchScreen.xib in Resources */,
				EE62A0041AF24B6C00267D13 /* Images.xcassets in Resources */,
			);
			runOnlyForDeploymentPostprocessing = 0;
		};
/* End PBXResourcesBuildPhase section */

/* Begin PBXSourcesBuildPhase section */
		EE629FEF1AF24B6C00267D13 /* Sources */ = {
			isa = PBXSourcesBuildPhase;
			buildActionMask = 2147483647;
			files = (
				EE629FFF1AF24B6C00267D13 /* ViewController.m in Sources */,
				EE629FFC1AF24B6C00267D13 /* AppDelegate.m in Sources */,
				EEE01C141B0DA90B00369AD1 /* AdListener.m in Sources */,
				EE629FF91AF24B6C00267D13 /* main.m in Sources */,
			);
			runOnlyForDeploymentPostprocessing = 0;
		};
/* End PBXSourcesBuildPhase section */

/* Begin PBXVariantGroup section */
		EE62A0001AF24B6C00267D13 /* Main.storyboard */ = {
			isa = PBXVariantGroup;
			children = (
				EE62A0011AF24B6C00267D13 /* Base */,
			);
			name = Main.storyboard;
			sourceTree = "<group>";
		};
		EE62A0051AF24B6C00267D13 /* LaunchScreen.xib */ = {
			isa = PBXVariantGroup;
			children = (
				EE62A0061AF24B6C00267D13 /* Base */,
			);
			name = LaunchScreen.xib;
			sourceTree = "<group>";
		};
/* End PBXVariantGroup section */

/* Begin XCBuildConfiguration section */
		EE62A0141AF24B6C00267D13 /* Debug */ = {
			isa = XCBuildConfiguration;
			buildSettings = {
				ALWAYS_SEARCH_USER_PATHS = NO;
				CLANG_CXX_LANGUAGE_STANDARD = "gnu++0x";
				CLANG_CXX_LIBRARY = "libc++";
				CLANG_ENABLE_MODULES = YES;
				CLANG_ENABLE_OBJC_ARC = YES;
				CLANG_WARN_BOOL_CONVERSION = YES;
				CLANG_WARN_CONSTANT_CONVERSION = YES;
				CLANG_WARN_DIRECT_OBJC_ISA_USAGE = YES_ERROR;
				CLANG_WARN_EMPTY_BODY = YES;
				CLANG_WARN_ENUM_CONVERSION = YES;
				CLANG_WARN_INT_CONVERSION = YES;
				CLANG_WARN_OBJC_ROOT_CLASS = YES_ERROR;
				CLANG_WARN_UNREACHABLE_CODE = YES;
				CLANG_WARN__DUPLICATE_METHOD_MATCH = YES;
				"CODE_SIGN_IDENTITY[sdk=iphoneos*]" = "iPhone Developer";
				COPY_PHASE_STRIP = NO;
				ENABLE_STRICT_OBJC_MSGSEND = YES;
				ENABLE_TESTABILITY = YES;
				GCC_C_LANGUAGE_STANDARD = gnu99;
				GCC_DYNAMIC_NO_PIC = NO;
				GCC_OPTIMIZATION_LEVEL = 0;
				GCC_PREPROCESSOR_DEFINITIONS = (
					"DEBUG=1",
					"$(inherited)",
				);
				GCC_SYMBOLS_PRIVATE_EXTERN = NO;
				GCC_WARN_64_TO_32_BIT_CONVERSION = YES;
				GCC_WARN_ABOUT_RETURN_TYPE = YES_ERROR;
				GCC_WARN_UNDECLARED_SELECTOR = YES;
				GCC_WARN_UNINITIALIZED_AUTOS = YES_AGGRESSIVE;
				GCC_WARN_UNUSED_FUNCTION = YES;
				GCC_WARN_UNUSED_VARIABLE = YES;
				IPHONEOS_DEPLOYMENT_TARGET = 8.2;
				MTL_ENABLE_DEBUG_INFO = YES;
				ONLY_ACTIVE_ARCH = YES;
				SDKROOT = iphoneos;
				TARGETED_DEVICE_FAMILY = "1,2";
			};
			name = Debug;
		};
		EE62A0151AF24B6C00267D13 /* Release */ = {
			isa = XCBuildConfiguration;
			buildSettings = {
				ALWAYS_SEARCH_USER_PATHS = NO;
				CLANG_CXX_LANGUAGE_STANDARD = "gnu++0x";
				CLANG_CXX_LIBRARY = "libc++";
				CLANG_ENABLE_MODULES = YES;
				CLANG_ENABLE_OBJC_ARC = YES;
				CLANG_WARN_BOOL_CONVERSION = YES;
				CLANG_WARN_CONSTANT_CONVERSION = YES;
				CLANG_WARN_DIRECT_OBJC_ISA_USAGE = YES_ERROR;
				CLANG_WARN_EMPTY_BODY = YES;
				CLANG_WARN_ENUM_CONVERSION = YES;
				CLANG_WARN_INT_CONVERSION = YES;
				CLANG_WARN_OBJC_ROOT_CLASS = YES_ERROR;
				CLANG_WARN_UNREACHABLE_CODE = YES;
				CLANG_WARN__DUPLICATE_METHOD_MATCH = YES;
				"CODE_SIGN_IDENTITY[sdk=iphoneos*]" = "iPhone Developer";
				COPY_PHASE_STRIP = NO;
				ENABLE_NS_ASSERTIONS = NO;
				ENABLE_STRICT_OBJC_MSGSEND = YES;
				GCC_C_LANGUAGE_STANDARD = gnu99;
				GCC_WARN_64_TO_32_BIT_CONVERSION = YES;
				GCC_WARN_ABOUT_RETURN_TYPE = YES_ERROR;
				GCC_WARN_UNDECLARED_SELECTOR = YES;
				GCC_WARN_UNINITIALIZED_AUTOS = YES_AGGRESSIVE;
				GCC_WARN_UNUSED_FUNCTION = YES;
				GCC_WARN_UNUSED_VARIABLE = YES;
				IPHONEOS_DEPLOYMENT_TARGET = 8.2;
				MTL_ENABLE_DEBUG_INFO = NO;
				SDKROOT = iphoneos;
				TARGETED_DEVICE_FAMILY = "1,2";
				VALIDATE_PRODUCT = YES;
			};
			name = Release;
		};
		EE62A0171AF24B6C00267D13 /* Debug */ = {
			isa = XCBuildConfiguration;
			buildSettings = {
				ASSETCATALOG_COMPILER_APPICON_NAME = AppIcon;
				CODE_SIGN_IDENTITY = "iPhone Developer";
				DEAD_CODE_STRIPPING = YES;
				ENABLE_BITCODE = NO;
				FRAMEWORK_SEARCH_PATHS = (
					"$(inherited)",
					"$(PROJECT_DIR)",
					"$(PROJECT_DIR)/keymobsdk",
					"$(PROJECT_DIR)/keymobsdk/plugins/Admob",
					"$(PROJECT_DIR)/keymobsdk/plugins/Amazon",
					"$(PROJECT_DIR)/keymobsdk/plugins/Chartboost",
					"$(PROJECT_DIR)/keymobsdk/plugins/MMedia",
					"$(PROJECT_DIR)/keymobsdk/plugins/Adcolony",
				);
				INFOPLIST_FILE = KeymobDemo/Info.plist;
				IPHONEOS_DEPLOYMENT_TARGET = 9.0;
				LD_RUNPATH_SEARCH_PATHS = "$(inherited) @executable_path/Frameworks";
				LIBRARY_SEARCH_PATHS = (
					"$(inherited)",
					"$(PROJECT_DIR)/keymobsdk/plugins/Admob",
					"$(PROJECT_DIR)/keymobsdk/plugins/Amazon",
					"$(PROJECT_DIR)/keymobsdk/plugins/Chartboost",
					"$(PROJECT_DIR)/keymobsdk/plugins/inmobi",
					"$(PROJECT_DIR)/keymobsdk/plugins/MMedia",
					"$(PROJECT_DIR)/keymobsdk/plugins/Baidu",
					"$(PROJECT_DIR)/keymobsdk/plugins/GDT",
					"$(PROJECT_DIR)/keymobsdk/plugins/Adcolony",
				);
				OTHER_LDFLAGS = (
					"-force_load",
					"\"$(SRCROOT)/keymobsdk/plugins/Admob/libAdmobAdapter.a\"",
					"-force_load",
					"\"$(SRCROOT)/keymobsdk/plugins/Amazon/libAmazonAdapter.a\"",
					"-force_load",
					"\"$(SRCROOT)/keymobsdk/plugins/Chartboost/libChartboostAdapter.a\"",
					"-force_load",
					"\"$(SRCROOT)/keymobsdk/plugins/MMedia/libMMediaAdapter.a\"",
					"-force_load",
					"\"$(SRCROOT)/keymobsdk/plugins/Baidu/libBaiduAdapter.a\"",
					"-force_load",
					"\"$(SRCROOT)/keymobsdk/plugins/GDT/libGDTAdapter.a\"",
					"-force_load",
					"\"$(SRCROOT)/keymobsdk/plugins/Adcolony/libAdcolonyAdapter.a\"",
					"-ObjC",
					"-lstdC++",
				);
				PRODUCT_BUNDLE_IDENTIFIER = "so.phonegame.$(PRODUCT_NAME:rfc1034identifier)";
				PRODUCT_NAME = "$(TARGET_NAME)";
			};
			name = Debug;
		};
		EE62A0181AF24B6C00267D13 /* Release */ = {
			isa = XCBuildConfiguration;
			buildSettings = {
				ASSETCATALOG_COMPILER_APPICON_NAME = AppIcon;
				CODE_SIGN_IDENTITY = "iPhone Developer";
				DEAD_CODE_STRIPPING = YES;
				ENABLE_BITCODE = NO;
				FRAMEWORK_SEARCH_PATHS = (
					"$(inherited)",
					"$(PROJECT_DIR)",
					"$(PROJECT_DIR)/keymobsdk",
					"$(PROJECT_DIR)/keymobsdk/plugins/Admob",
					"$(PROJECT_DIR)/keymobsdk/plugins/Amazon",
					"$(PROJECT_DIR)/keymobsdk/plugins/Chartboost",
					"$(PROJECT_DIR)/keymobsdk/plugins/MMedia",
					"$(PROJECT_DIR)/keymobsdk/plugins/Adcolony",
				);
				INFOPLIST_FILE = KeymobDemo/Info.plist;
				IPHONEOS_DEPLOYMENT_TARGET = 9.0;
				LD_RUNPATH_SEARCH_PATHS = "$(inherited) @executable_path/Frameworks";
				LIBRARY_SEARCH_PATHS = (
					"$(inherited)",
					"$(PROJECT_DIR)/keymobsdk/plugins/Admob",
					"$(PROJECT_DIR)/keymobsdk/plugins/Amazon",
					"$(PROJECT_DIR)/keymobsdk/plugins/Chartboost",
					"$(PROJECT_DIR)/keymobsdk/plugins/inmobi",
					"$(PROJECT_DIR)/keymobsdk/plugins/MMedia",
					"$(PROJECT_DIR)/keymobsdk/plugins/Baidu",
					"$(PROJECT_DIR)/keymobsdk/plugins/GDT",
					"$(PROJECT_DIR)/keymobsdk/plugins/Adcolony",
				);
				OTHER_LDFLAGS = (
					"-force_load",
					"\"$(SRCROOT)/keymobsdk/plugins/Admob/libAdmobAdapter.a\"",
					"-force_load",
					"\"$(SRCROOT)/keymobsdk/plugins/Amazon/libAmazonAdapter.a\"",
					"-force_load",
					"\"$(SRCROOT)/keymobsdk/plugins/Chartboost/libChartboostAdapter.a\"",
					"-force_load",
					"\"$(SRCROOT)/keymobsdk/plugins/MMedia/libMMediaAdapter.a\"",
					"-force_load",
					"\"$(SRCROOT)/keymobsdk/plugins/Baidu/libBaiduAdapter.a\"",
					"-force_load",
					"\"$(SRCROOT)/keymobsdk/plugins/GDT/libGDTAdapter.a\"",
					"-force_load",
					"\"$(SRCROOT)/keymobsdk/plugins/Adcolony/libAdcolonyAdapter.a\"",
					"-ObjC",
					"-lstdC++",
				);
				PRODUCT_BUNDLE_IDENTIFIER = "so.phonegame.$(PRODUCT_NAME:rfc1034identifier)";
				PRODUCT_NAME = "$(TARGET_NAME)";
			};
			name = Release;
		};
/* End XCBuildConfiguration section */

/* Begin XCConfigurationList section */
		EE629FEE1AF24B6C00267D13 /* Build configuration list for PBXProject "KeymobDemo" */ = {
			isa = XCConfigurationList;
			buildConfigurations = (
				EE62A0141AF24B6C00267D13 /* Debug */,
				EE62A0151AF24B6C00267D13 /* Release */,
			);
			defaultConfigurationIsVisible = 0;
			defaultConfigurationName = Release;
		};
		EE62A0161AF24B6C00267D13 /* Build configuration list for PBXNativeTarget "KeymobDemo" */ = {
			isa = XCConfigurationList;
			buildConfigurations = (
				EE62A0171AF24B6C00267D13 /* Debug */,
				EE62A0181AF24B6C00267D13 /* Release */,
			);
			defaultConfigurationIsVisible = 0;
			defaultConfigurationName = Release;
		};
/* End XCConfigurationList section */
	};
	rootObject = EE629FEB1AF24B6C00267D13 /* Project object */;
}
